// !$*UTF8*$!
{
	archiveVersion = 1;
	classes = {
	};
	objectVersion = 55;
	objects = {

/* Begin PBXBuildFile section */
		862F20A428BB63CA00C74422 /* PublisherViewController.swift in Sources */ = {isa = PBXBuildFile; fileRef = 862F20A328BB63CA00C74422 /* PublisherViewController.swift */; };
		862F20A628BB651900C74422 /* NormalEvent.swift in Sources */ = {isa = PBXBuildFile; fileRef = 862F20A528BB651900C74422 /* NormalEvent.swift */; };
		86647B8E28BB8AC200448A39 /* BackgroundEvent.swift in Sources */ = {isa = PBXBuildFile; fileRef = 86647B8D28BB8AC200448A39 /* BackgroundEvent.swift */; };
		86647B9028BB951D00448A39 /* CancellableEvent.swift in Sources */ = {isa = PBXBuildFile; fileRef = 86647B8F28BB951D00448A39 /* CancellableEvent.swift */; };
		86F8285F28B36C7A00C6C52F /* AppDelegate.swift in Sources */ = {isa = PBXBuildFile; fileRef = 86F8285E28B36C7A00C6C52F /* AppDelegate.swift */; };
		86F8286328B36C7A00C6C52F /* ViewController.swift in Sources */ = {isa = PBXBuildFile; fileRef = 86F8286228B36C7A00C6C52F /* ViewController.swift */; };
		86F8286628B36C7A00C6C52F /* Main.storyboard in Resources */ = {isa = PBXBuildFile; fileRef = 86F8286428B36C7A00C6C52F /* Main.storyboard */; };
		86F8286828B36C7B00C6C52F /* Assets.xcassets in Resources */ = {isa = PBXBuildFile; fileRef = 86F8286728B36C7B00C6C52F /* Assets.xcassets */; };
		86F8286B28B36C7B00C6C52F /* LaunchScreen.storyboard in Resources */ = {isa = PBXBuildFile; fileRef = 86F8286928B36C7B00C6C52F /* LaunchScreen.storyboard */; };
		86F8287328B36C8300C6C52F /* EventBus.swift in Sources */ = {isa = PBXBuildFile; fileRef = 86F8287228B36C8300C6C52F /* EventBus.swift */; };
		86F8287728B36D2400C6C52F /* Event.swift in Sources */ = {isa = PBXBuildFile; fileRef = 86F8287628B36D2400C6C52F /* Event.swift */; };
/* End PBXBuildFile section */

/* Begin PBXFileReference section */
		862F20A328BB63CA00C74422 /* PublisherViewController.swift */ = {isa = PBXFileReference; lastKnownFileType = sourcecode.swift; path = PublisherViewController.swift; sourceTree = "<group>"; };
		862F20A528BB651900C74422 /* NormalEvent.swift */ = {isa = PBXFileReference; lastKnownFileType = sourcecode.swift; path = NormalEvent.swift; sourceTree = "<group>"; };
		86647B8D28BB8AC200448A39 /* BackgroundEvent.swift */ = {isa = PBXFileReference; lastKnownFileType = sourcecode.swift; path = BackgroundEvent.swift; sourceTree = "<group>"; };
		86647B8F28BB951D00448A39 /* CancellableEvent.swift */ = {isa = PBXFileReference; lastKnownFileType = sourcecode.swift; path = CancellableEvent.swift; sourceTree = "<group>"; };
		86F8285B28B36C7A00C6C52F /* EventBus.app */ = {isa = PBXFileReference; explicitFileType = wrapper.application; includeInIndex = 0; path = EventBus.app; sourceTree = BUILT_PRODUCTS_DIR; };
		86F8285E28B36C7A00C6C52F /* AppDelegate.swift */ = {isa = PBXFileReference; lastKnownFileType = sourcecode.swift; path = AppDelegate.swift; sourceTree = "<group>"; };
		86F8286228B36C7A00C6C52F /* ViewController.swift */ = {isa = PBXFileReference; lastKnownFileType = sourcecode.swift; path = ViewController.swift; sourceTree = "<group>"; };
		86F8286528B36C7A00C6C52F /* Base */ = {isa = PBXFileReference; lastKnownFileType = file.storyboard; name = Base; path = Base.lproj/Main.storyboard; sourceTree = "<group>"; };
		86F8286728B36C7B00C6C52F /* Assets.xcassets */ = {isa = PBXFileReference; lastKnownFileType = folder.assetcatalog; path = Assets.xcassets; sourceTree = "<group>"; };
		86F8286A28B36C7B00C6C52F /* Base */ = {isa = PBXFileReference; lastKnownFileType = file.storyboard; name = Base; path = Base.lproj/LaunchScreen.storyboard; sourceTree = "<group>"; };
		86F8286C28B36C7B00C6C52F /* Info.plist */ = {isa = PBXFileReference; lastKnownFileType = text.plist.xml; path = Info.plist; sourceTree = "<group>"; };
		86F8287228B36C8300C6C52F /* EventBus.swift */ = {isa = PBXFileReference; lastKnownFileType = sourcecode.swift; path = EventBus.swift; sourceTree = "<group>"; };
		86F8287628B36D2400C6C52F /* Event.swift */ = {isa = PBXFileReference; lastKnownFileType = sourcecode.swift; path = Event.swift; sourceTree = "<group>"; };
/* End PBXFileReference section */

/* Begin PBXFrameworksBuildPhase section */
		86F8285828B36C7A00C6C52F /* Frameworks */ = {
			isa = PBXFrameworksBuildPhase;
			buildActionMask = 2147483647;
			files = (
			);
			runOnlyForDeploymentPostprocessing = 0;
		};
/* End PBXFrameworksBuildPhase section */

/* Begin PBXGroup section */
		862F20A228BB62D500C74422 /* EventBus */ = {
			isa = PBXGroup;
			children = (
				86F8287228B36C8300C6C52F /* EventBus.swift */,
				86F8287628B36D2400C6C52F /* Event.swift */,
			);
			path = EventBus;
			sourceTree = "<group>";
		};
		86F8285228B36C7A00C6C52F = {
			isa = PBXGroup;
			children = (
				86F8285D28B36C7A00C6C52F /* EventBus */,
				86F8285C28B36C7A00C6C52F /* Products */,
			);
			sourceTree = "<group>";
		};
		86F8285C28B36C7A00C6C52F /* Products */ = {
			isa = PBXGroup;
			children = (
				86F8285B28B36C7A00C6C52F /* EventBus.app */,
			);
			name = Products;
			sourceTree = "<group>";
		};
		86F8285D28B36C7A00C6C52F /* EventBus */ = {
			isa = PBXGroup;
			children = (
				862F20A228BB62D500C74422 /* EventBus */,
				86F8285E28B36C7A00C6C52F /* AppDelegate.swift */,
				86F8286228B36C7A00C6C52F /* ViewController.swift */,
				862F20A328BB63CA00C74422 /* PublisherViewController.swift */,
				862F20A528BB651900C74422 /* NormalEvent.swift */,
				86647B8D28BB8AC200448A39 /* BackgroundEvent.swift */,
				86647B8F28BB951D00448A39 /* CancellableEvent.swift */,
				86F8286428B36C7A00C6C52F /* Main.storyboard */,
				86F8286728B36C7B00C6C52F /* Assets.xcassets */,
				86F8286928B36C7B00C6C52F /* LaunchScreen.storyboard */,
				86F8286C28B36C7B00C6C52F /* Info.plist */,
			);
			path = EventBus;
			sourceTree = "<group>";
		};
/* End PBXGroup section */

/* Begin PBXNativeTarget section */
		86F8285A28B36C7A00C6C52F /* EventBus */ = {
			isa = PBXNativeTarget;
			buildConfigurationList = 86F8286F28B36C7B00C6C52F /* Build configuration list for PBXNativeTarget "EventBus" */;
			buildPhases = (
				86F8285728B36C7A00C6C52F /* Sources */,
				86F8285828B36C7A00C6C52F /* Frameworks */,
				86F8285928B36C7A00C6C52F /* Resources */,
			);
			buildRules = (
			);
			dependencies = (
			);
			name = EventBus;
			productName = EventBus;
			productReference = 86F8285B28B36C7A00C6C52F /* EventBus.app */;
			productType = "com.apple.product-type.application";
		};
/* End PBXNativeTarget section */

/* Begin PBXProject section */
		86F8285328B36C7A00C6C52F /* Project object */ = {
			isa = PBXProject;
			attributes = {
				BuildIndependentTargetsInParallel = 1;
				LastSwiftUpdateCheck = 1340;
				LastUpgradeCheck = 1340;
				TargetAttributes = {
					86F8285A28B36C7A00C6C52F = {
						CreatedOnToolsVersion = 13.4.1;
					};
				};
			};
			buildConfigurationList = 86F8285628B36C7A00C6C52F /* Build configuration list for PBXProject "EventBus" */;
			compatibilityVersion = "Xcode 13.0";
			developmentRegion = en;
			hasScannedForEncodings = 0;
			knownRegions = (
				en,
				Base,
			);
			mainGroup = 86F8285228B36C7A00C6C52F;
			productRefGroup = 86F8285C28B36C7A00C6C52F /* Products */;
			projectDirPath = "";
			projectRoot = "";
			targets = (
				86F8285A28B36C7A00C6C52F /* EventBus */,
			);
		};
/* End PBXProject section */

/* Begin PBXResourcesBuildPhase section */
		86F8285928B36C7A00C6C52F /* Resources */ = {
			isa = PBXResourcesBuildPhase;
			buildActionMask = 2147483647;
			files = (
				86F8286B28B36C7B00C6C52F /* LaunchScreen.storyboard in Resources */,
				86F8286828B36C7B00C6C52F /* Assets.xcassets in Resources */,
				86F8286628B36C7A00C6C52F /* Main.storyboard in Resources */,
			);
			runOnlyForDeploymentPostprocessing = 0;
		};
/* End PBXResourcesBuildPhase section */

/* Begin PBXSourcesBuildPhase section */
		86F8285728B36C7A00C6C52F /* Sources */ = {
			isa = PBXSourcesBuildPhase;
			buildActionMask = 2147483647;
			files = (
				86F8286328B36C7A00C6C52F /* ViewController.swift in Sources */,
				862F20A428BB63CA00C74422 /* PublisherViewController.swift in Sources */,
				86647B8E28BB8AC200448A39 /* BackgroundEvent.swift in Sources */,
				86F8287328B36C8300C6C52F /* EventBus.swift in Sources */,
				862F20A628BB651900C74422 /* NormalEvent.swift in Sources */,
				86F8285F28B36C7A00C6C52F /* AppDelegate.swift in Sources */,
				86647B9028BB951D00448A39 /* CancellableEvent.swift in Sources */,
				86F8287728B36D2400C6C52F /* Event.swift in Sources */,
			);
			runOnlyForDeploymentPostprocessing = 0;
		};
/* End PBXSourcesBuildPhase section */

/* Begin PBXVariantGroup section */
		86F8286428B36C7A00C6C52F /* Main.storyboard */ = {
			isa = PBXVariantGroup;
			children = (
				86F8286528B36C7A00C6C52F /* Base */,
			);
			name = Main.storyboard;
			sourceTree = "<group>";
		};
		86F8286928B36C7B00C6C52F /* LaunchScreen.storyboard */ = {
			isa = PBXVariantGroup;
			children = (
				86F8286A28B36C7B00C6C52F /* Base */,
			);
			name = LaunchScreen.storyboard;
			sourceTree = "<group>";
		};
/* End PBXVariantGroup section */

/* Begin XCBuildConfiguration section */
		86F8286D28B36C7B00C6C52F /* Debug */ = {
			isa = XCBuildConfiguration;
			buildSettings = {
				ALWAYS_SEARCH_USER_PATHS = NO;
				CLANG_ANALYZER_NONNULL = YES;
				CLANG_ANALYZER_NUMBER_OBJECT_CONVERSION = YES_AGGRESSIVE;
				CLANG_CXX_LANGUAGE_STANDARD = "gnu++17";
				CLANG_ENABLE_MODULES = YES;
				CLANG_ENABLE_OBJC_ARC = YES;
				CLANG_ENABLE_OBJC_WEAK = YES;
				CLANG_WARN_BLOCK_CAPTURE_AUTORELEASING = YES;
				CLANG_WARN_BOOL_CONVERSION = YES;
				CLANG_WARN_COMMA = YES;
				CLANG_WARN_CONSTANT_CONVERSION = YES;
				CLANG_WARN_DEPRECATED_OBJC_IMPLEMENTATIONS = YES;
				CLANG_WARN_DIRECT_OBJC_ISA_USAGE = YES_ERROR;
				CLANG_WARN_DOCUMENTATION_COMMENTS = YES;
				CLANG_WARN_EMPTY_BODY = YES;
				CLANG_WARN_ENUM_CONVERSION = YES;
				CLANG_WARN_INFINITE_RECURSION = YES;
				CLANG_WARN_INT_CONVERSION = YES;
				CLANG_WARN_NON_LITERAL_NULL_CONVERSION = YES;
				CLANG_WARN_OBJC_IMPLICIT_RETAIN_SELF = YES;
				CLANG_WARN_OBJC_LITERAL_CONVERSION = YES;
				CLANG_WARN_OBJC_ROOT_CLASS = YES_ERROR;
				CLANG_WARN_QUOTED_INCLUDE_IN_FRAMEWORK_HEADER = YES;
				CLANG_WARN_RANGE_LOOP_ANALYSIS = YES;
				CLANG_WARN_STRICT_PROTOTYPES = YES;
				CLANG_WARN_SUSPICIOUS_MOVE = YES;
				CLANG_WARN_UNGUARDED_AVAILABILITY = YES_AGGRESSIVE;
				CLANG_WARN_UNREACHABLE_CODE = YES;
				CLANG_WARN__DUPLICATE_METHOD_MATCH = YES;
				COPY_PHASE_STRIP = NO;
				DEBUG_INFORMATION_FORMAT = dwarf;
				ENABLE_STRICT_OBJC_MSGSEND = YES;
				ENABLE_TESTABILITY = YES;
				GCC_C_LANGUAGE_STANDARD = gnu11;
				GCC_DYNAMIC_NO_PIC = NO;
				GCC_NO_COMMON_BLOCKS = YES;
				GCC_OPTIMIZATION_LEVEL = 0;
				GCC_PREPROCESSOR_DEFINITIONS = (
					"DEBUG=1",
					"$(inherited)",
				);
				GCC_WARN_64_TO_32_BIT_CONVERSION = YES;
				GCC_WARN_ABOUT_RETURN_TYPE = YES_ERROR;
				GCC_WARN_UNDECLARED_SELECTOR = YES;
				GCC_WARN_UNINITIALIZED_AUTOS = YES_AGGRESSIVE;
				GCC_WARN_UNUSED_FUNCTION = YES;
				GCC_WARN_UNUSED_VARIABLE = YES;
				IPHONEOS_DEPLOYMENT_TARGET = 11.0;
				MTL_ENABLE_DEBUG_INFO = INCLUDE_SOURCE;
				MTL_FAST_MATH = YES;
				ONLY_ACTIVE_ARCH = YES;
				SDKROOT = iphoneos;
				SWIFT_ACTIVE_COMPILATION_CONDITIONS = DEBUG;
				SWIFT_OPTIMIZATION_LEVEL = "-Onone";
			};
			name = Debug;
		};
		86F8286E28B36C7B00C6C52F /* Release */ = {
			isa = XCBuildConfiguration;
			buildSettings = {
				ALWAYS_SEARCH_USER_PATHS = NO;
				CLANG_ANALYZER_NONNULL = YES;
				CLANG_ANALYZER_NUMBER_OBJECT_CONVERSION = YES_AGGRESSIVE;
				CLANG_CXX_LANGUAGE_STANDARD = "gnu++17";
				CLANG_ENABLE_MODULES = YES;
				CLANG_ENABLE_OBJC_ARC = YES;
				CLANG_ENABLE_OBJC_WEAK = YES;
				CLANG_WARN_BLOCK_CAPTURE_AUTORELEASING = YES;
				CLANG_WARN_BOOL_CONVERSION = YES;
				CLANG_WARN_COMMA = YES;
				CLANG_WARN_CONSTANT_CONVERSION = YES;
				CLANG_WARN_DEPRECATED_OBJC_IMPLEMENTATIONS = YES;
				CLANG_WARN_DIRECT_OBJC_ISA_USAGE = YES_ERROR;
				CLANG_WARN_DOCUMENTATION_COMMENTS = YES;
				CLANG_WARN_EMPTY_BODY = YES;
				CLANG_WARN_ENUM_CONVERSION = YES;
				CLANG_WARN_INFINITE_RECURSION = YES;
				CLANG_WARN_INT_CONVERSION = YES;
				CLANG_WARN_NON_LITERAL_NULL_CONVERSION = YES;
				CLANG_WARN_OBJC_IMPLICIT_RETAIN_SELF = YES;
				CLANG_WARN_OBJC_LITERAL_CONVERSION = YES;
				CLANG_WARN_OBJC_ROOT_CLASS = YES_ERROR;
				CLANG_WARN_QUOTED_INCLUDE_IN_FRAMEWORK_HEADER = YES;
				CLANG_WARN_RANGE_LOOP_ANALYSIS = YES;
				CLANG_WARN_STRICT_PROTOTYPES = YES;
				CLANG_WARN_SUSPICIOUS_MOVE = YES;
				CLANG_WARN_UNGUARDED_AVAILABILITY = YES_AGGRESSIVE;
				CLANG_WARN_UNREACHABLE_CODE = YES;
				CLANG_WARN__DUPLICATE_METHOD_MATCH = YES;
				COPY_PHASE_STRIP = NO;
				DEBUG_INFORMATION_FORMAT = "dwarf-with-dsym";
				ENABLE_NS_ASSERTIONS = NO;
				ENABLE_STRICT_OBJC_MSGSEND = YES;
				GCC_C_LANGUAGE_STANDARD = gnu11;
				GCC_NO_COMMON_BLOCKS = YES;
				GCC_WARN_64_TO_32_BIT_CONVERSION = YES;
				GCC_WARN_ABOUT_RETURN_TYPE = YES_ERROR;
				GCC_WARN_UNDECLARED_SELECTOR = YES;
				GCC_WARN_UNINITIALIZED_AUTOS = YES_AGGRESSIVE;
				GCC_WARN_UNUSED_FUNCTION = YES;
				GCC_WARN_UNUSED_VARIABLE = YES;
				IPHONEOS_DEPLOYMENT_TARGET = 11.0;
				MTL_ENABLE_DEBUG_INFO = NO;
				MTL_FAST_MATH = YES;
				SDKROOT = iphoneos;
				SWIFT_COMPILATION_MODE = wholemodule;
				SWIFT_OPTIMIZATION_LEVEL = "-O";
				VALIDATE_PRODUCT = YES;
			};
			name = Release;
		};
		86F8287028B36C7B00C6C52F /* Debug */ = {
			isa = XCBuildConfiguration;
			buildSettings = {
				ASSETCATALOG_COMPILER_APPICON_NAME = AppIcon;
				ASSETCATALOG_COMPILER_GLOBAL_ACCENT_COLOR_NAME = AccentColor;
				CODE_SIGN_STYLE = Automatic;
				CURRENT_PROJECT_VERSION = 1;
				GENERATE_INFOPLIST_FILE = YES;
				INFOPLIST_FILE = EventBus/Info.plist;
				INFOPLIST_KEY_UIApplicationSupportsIndirectInputEvents = YES;
				INFOPLIST_KEY_UILaunchStoryboardName = LaunchScreen;
				INFOPLIST_KEY_UIMainStoryboardFile = Main;
				INFOPLIST_KEY_UISupportedInterfaceOrientations_iPad = "UIInterfaceOrientationPortrait UIInterfaceOrientationPortraitUpsideDown UIInterfaceOrientationLandscapeLeft UIInterfaceOrientationLandscapeRight";
				INFOPLIST_KEY_UISupportedInterfaceOrientations_iPhone = "UIInterfaceOrientationPortrait UIInterfaceOrientationLandscapeLeft UIInterfaceOrientationLandscapeRight";
				LD_RUNPATH_SEARCH_PATHS = (
					"$(inherited)",
					"@executable_path/Frameworks",
				);
				MARKETING_VERSION = 1.0;
				PRODUCT_BUNDLE_IDENTIFIER = org.liuduoios.EventBus;
				PRODUCT_NAME = "$(TARGET_NAME)";
				SWIFT_EMIT_LOC_STRINGS = YES;
				SWIFT_VERSION = 5.0;
				TARGETED_DEVICE_FAMILY = "1,2";
			};
			name = Debug;
		};
		86F8287128B36C7B00C6C52F /* Release */ = {
			isa = XCBuildConfiguration;
			buildSettings = {
				ASSETCATALOG_COMPILER_APPICON_NAME = AppIcon;
				ASSETCATALOG_COMPILER_GLOBAL_ACCENT_COLOR_NAME = AccentColor;
				CODE_SIGN_STYLE = Automatic;
				CURRENT_PROJECT_VERSION = 1;
				GENERATE_INFOPLIST_FILE = YES;
				INFOPLIST_FILE = EventBus/Info.plist;
				INFOPLIST_KEY_UIApplicationSupportsIndirectInputEvents = YES;
				INFOPLIST_KEY_UILaunchStoryboardName = LaunchScreen;
				INFOPLIST_KEY_UIMainStoryboardFile = Main;
				INFOPLIST_KEY_UISupportedInterfaceOrientations_iPad = "UIInterfaceOrientationPortrait UIInterfaceOrientationPortraitUpsideDown UIInterfaceOrientationLandscapeLeft UIInterfaceOrientationLandscapeRight";
				INFOPLIST_KEY_UISupportedInterfaceOrientations_iPhone = "UIInterfaceOrientationPortrait UIInterfaceOrientationLandscapeLeft UIInterfaceOrientationLandscapeRight";
				LD_RUNPATH_SEARCH_PATHS = (
					"$(inherited)",
					"@executable_path/Frameworks",
				);
				MARKETING_VERSION = 1.0;
				PRODUCT_BUNDLE_IDENTIFIER = org.liuduoios.EventBus;
				PRODUCT_NAME = "$(TARGET_NAME)";
				SWIFT_EMIT_LOC_STRINGS = YES;
				SWIFT_VERSION = 5.0;
				TARGETED_DEVICE_FAMILY = "1,2";
			};
			name = Release;
		};
/* End XCBuildConfiguration section */

/* Begin XCConfigurationList section */
		86F8285628B36C7A00C6C52F /* Build configuration list for PBXProject "EventBus" */ = {
			isa = XCConfigurationList;
			buildConfigurations = (
				86F8286D28B36C7B00C6C52F /* Debug */,
				86F8286E28B36C7B00C6C52F /* Release */,
			);
			defaultConfigurationIsVisible = 0;
			defaultConfigurationName = Release;
		};
		86F8286F28B36C7B00C6C52F /* Build configuration list for PBXNativeTarget "EventBus" */ = {
			isa = XCConfigurationList;
			buildConfigurations = (
				86F8287028B36C7B00C6C52F /* Debug */,
				86F8287128B36C7B00C6C52F /* Release */,
			);
			defaultConfigurationIsVisible = 0;
			defaultConfigurationName = Release;
		};
/* End XCConfigurationList section */
	};
	rootObject = 86F8285328B36C7A00C6C52F /* Project object */;
}
